// !$*UTF8*$!
{
	archiveVersion = 1;
	classes = {
	};
	objectVersion = 56;
	objects = {

/* Begin PBXBuildFile section */
		602103632C75DB2F0025E247 /* StopWach.swift in Sources */ = {isa = PBXBuildFile; fileRef = 602103572C75DB2E0025E247 /* StopWach.swift */; };
		602103642C75DB2F0025E247 /* HistoryView.swift in Sources */ = {isa = PBXBuildFile; fileRef = 602103582C75DB2E0025E247 /* HistoryView.swift */; };
		602103652C75DB2F0025E247 /* ControlButtonView.swift in Sources */ = {isa = PBXBuildFile; fileRef = 602103592C75DB2E0025E247 /* ControlButtonView.swift */; };
		602103662C75DB2F0025E247 /* IPView.swift in Sources */ = {isa = PBXBuildFile; fileRef = 6021035A2C75DB2E0025E247 /* IPView.swift */; };
		602103672C75DB2F0025E247 /* RaspberryPiView.swift in Sources */ = {isa = PBXBuildFile; fileRef = 6021035B2C75DB2E0025E247 /* RaspberryPiView.swift */; };
		602103682C75DB2F0025E247 /* PanelView.swift in Sources */ = {isa = PBXBuildFile; fileRef = 6021035C2C75DB2F0025E247 /* PanelView.swift */; };
		602103692C75DB2F0025E247 /* ContentView.swift in Sources */ = {isa = PBXBuildFile; fileRef = 6021035D2C75DB2F0025E247 /* ContentView.swift */; };
		6021036A2C75DB2F0025E247 /* ForceView.swift in Sources */ = {isa = PBXBuildFile; fileRef = 6021035E2C75DB2F0025E247 /* ForceView.swift */; };
		6021036B2C75DB2F0025E247 /* extension.swift in Sources */ = {isa = PBXBuildFile; fileRef = 6021035F2C75DB2F0025E247 /* extension.swift */; };
		6021036C2C75DB2F0025E247 /* ARView.swift in Sources */ = {isa = PBXBuildFile; fileRef = 602103602C75DB2F0025E247 /* ARView.swift */; };
		6021036D2C75DB2F0025E247 /* SettingView.swift in Sources */ = {isa = PBXBuildFile; fileRef = 602103612C75DB2F0025E247 /* SettingView.swift */; };
		6021036E2C75DB2F0025E247 /* AngleView.swift in Sources */ = {isa = PBXBuildFile; fileRef = 602103622C75DB2F0025E247 /* AngleView.swift */; };
		602103712C75DB3A0025E247 /* CameraPreviewView.swift in Sources */ = {isa = PBXBuildFile; fileRef = 6021036F2C75DB3A0025E247 /* CameraPreviewView.swift */; };
		602103722C75DB3A0025E247 /* CameraView.swift in Sources */ = {isa = PBXBuildFile; fileRef = 602103702C75DB3A0025E247 /* CameraView.swift */; };
		602A42382C75E838006B4D1A /* RaspberryPiStatusView.swift in Sources */ = {isa = PBXBuildFile; fileRef = 602A42372C75E838006B4D1A /* RaspberryPiStatusView.swift */; };
		603E5E942C766B6B00ABF2FE /* MotionDataModel.swift in Sources */ = {isa = PBXBuildFile; fileRef = 603E5E892C766B6B00ABF2FE /* MotionDataModel.swift */; };
		603E5E952C766B6B00ABF2FE /* SwiftDataModel.swift in Sources */ = {isa = PBXBuildFile; fileRef = 603E5E8A2C766B6B00ABF2FE /* SwiftDataModel.swift */; };
		603E5E962C766B6B00ABF2FE /* ARRecorder.swift in Sources */ = {isa = PBXBuildFile; fileRef = 603E5E8B2C766B6B00ABF2FE /* ARRecorder.swift */; };
		603E5E972C766B6B00ABF2FE /* ExtensionSimd.swift in Sources */ = {isa = PBXBuildFile; fileRef = 603E5E8C2C766B6B00ABF2FE /* ExtensionSimd.swift */; };
		603E5E982C766B6B00ABF2FE /* CameraManager.swift in Sources */ = {isa = PBXBuildFile; fileRef = 603E5E8D2C766B6B00ABF2FE /* CameraManager.swift */; };
		603E5E992C766B6B00ABF2FE /* Server.swift in Sources */ = {isa = PBXBuildFile; fileRef = 603E5E8E2C766B6B00ABF2FE /* Server.swift */; };
		603E5E9A2C766B6B00ABF2FE /* DataModel.swift in Sources */ = {isa = PBXBuildFile; fileRef = 603E5E8F2C766B6B00ABF2FE /* DataModel.swift */; };
		603E5E9B2C766B6B00ABF2FE /* ScenarioModel.swift in Sources */ = {isa = PBXBuildFile; fileRef = 603E5E902C766B6B00ABF2FE /* ScenarioModel.swift */; };
		603E5E9C2C766B6B00ABF2FE /* WebSocketManager.swift in Sources */ = {isa = PBXBuildFile; fileRef = 603E5E912C766B6B00ABF2FE /* WebSocketManager.swift */; };
		603E5E9E2C766B6B00ABF2FE /* RecordAllDataModel.swift in Sources */ = {isa = PBXBuildFile; fileRef = 603E5E932C766B6B00ABF2FE /* RecordAllDataModel.swift */; };
		603E5EA12C7708CC00ABF2FE /* UIColor+Extension.swift in Sources */ = {isa = PBXBuildFile; fileRef = 603E5EA02C7708CC00ABF2FE /* UIColor+Extension.swift */; };
		603E5EA32C7708DD00ABF2FE /* Color+Extension.swift in Sources */ = {isa = PBXBuildFile; fileRef = 603E5EA22C7708DD00ABF2FE /* Color+Extension.swift */; };
		603E5EA72C77167D00ABF2FE /* NewScenarioView.swift in Sources */ = {isa = PBXBuildFile; fileRef = 603E5EA62C77167D00ABF2FE /* NewScenarioView.swift */; };
		603E5EAA2C78CADF00ABF2FE /* SwiftWebSocketServer.swift in Sources */ = {isa = PBXBuildFile; fileRef = 603E5EA92C78CADF00ABF2FE /* SwiftWebSocketServer.swift */; };
		603E5EAC2C78D5D200ABF2FE /* TestServerView.swift in Sources */ = {isa = PBXBuildFile; fileRef = 603E5EAB2C78D5D200ABF2FE /* TestServerView.swift */; };
		605DA4FC2C79D45C00034F67 /* SchemaV1.swift in Sources */ = {isa = PBXBuildFile; fileRef = 605DA4FB2C79D45C00034F67 /* SchemaV1.swift */; };
		605DA4FE2C79D52300034F67 /* SchemaLatest.swift in Sources */ = {isa = PBXBuildFile; fileRef = 605DA4FD2C79D52300034F67 /* SchemaLatest.swift */; };
		605DA5002C7A150E00034F67 /* Email.swift in Sources */ = {isa = PBXBuildFile; fileRef = 605DA4FF2C7A150E00034F67 /* Email.swift */; };
		605DA5022C7A20F800034F67 /* InfoView.swift in Sources */ = {isa = PBXBuildFile; fileRef = 605DA5012C7A20F800034F67 /* InfoView.swift */; };
		607B2DEC2C6D15340010D914 /* README.md in Resources */ = {isa = PBXBuildFile; fileRef = 607B2DEB2C6D15340010D914 /* README.md */; };
		609395232C55473700E98950 /* MagiClawApp.swift in Sources */ = {isa = PBXBuildFile; fileRef = 609395222C55473700E98950 /* MagiClawApp.swift */; };
		609395272C55473A00E98950 /* Assets.xcassets in Resources */ = {isa = PBXBuildFile; fileRef = 609395262C55473A00E98950 /* Assets.xcassets */; };
		6093952A2C55473A00E98950 /* Preview Assets.xcassets in Resources */ = {isa = PBXBuildFile; fileRef = 609395292C55473A00E98950 /* Preview Assets.xcassets */; };
		609395792C554A7200E98950 /* AttitudeIndicatorView.swift in Sources */ = {isa = PBXBuildFile; fileRef = 6093954F2C554A7200E98950 /* AttitudeIndicatorView.swift */; };
		6093957A2C554A7200E98950 /* ChartView.swift in Sources */ = {isa = PBXBuildFile; fileRef = 609395502C554A7200E98950 /* ChartView.swift */; };
		6093957D2C554A7200E98950 /* ExportView.swift in Sources */ = {isa = PBXBuildFile; fileRef = 609395532C554A7200E98950 /* ExportView.swift */; };
		609395852C554A7200E98950 /* PreviewSampleData.swift in Sources */ = {isa = PBXBuildFile; fileRef = 6093955C2C554A7200E98950 /* PreviewSampleData.swift */; };
/* End PBXBuildFile section */

/* Begin PBXFileReference section */
		3D625B682C5F560600180FCB /* Info.plist */ = {isa = PBXFileReference; lastKnownFileType = text.plist; path = Info.plist; sourceTree = "<group>"; };
		602103572C75DB2E0025E247 /* StopWach.swift */ = {isa = PBXFileReference; fileEncoding = 4; lastKnownFileType = sourcecode.swift; path = StopWach.swift; sourceTree = "<group>"; };
		602103582C75DB2E0025E247 /* HistoryView.swift */ = {isa = PBXFileReference; fileEncoding = 4; lastKnownFileType = sourcecode.swift; path = HistoryView.swift; sourceTree = "<group>"; };
		602103592C75DB2E0025E247 /* ControlButtonView.swift */ = {isa = PBXFileReference; fileEncoding = 4; lastKnownFileType = sourcecode.swift; path = ControlButtonView.swift; sourceTree = "<group>"; };
		6021035A2C75DB2E0025E247 /* IPView.swift */ = {isa = PBXFileReference; fileEncoding = 4; lastKnownFileType = sourcecode.swift; path = IPView.swift; sourceTree = "<group>"; };
		6021035B2C75DB2E0025E247 /* RaspberryPiView.swift */ = {isa = PBXFileReference; fileEncoding = 4; lastKnownFileType = sourcecode.swift; path = RaspberryPiView.swift; sourceTree = "<group>"; };
		6021035C2C75DB2F0025E247 /* PanelView.swift */ = {isa = PBXFileReference; fileEncoding = 4; lastKnownFileType = sourcecode.swift; path = PanelView.swift; sourceTree = "<group>"; };
		6021035D2C75DB2F0025E247 /* ContentView.swift */ = {isa = PBXFileReference; fileEncoding = 4; lastKnownFileType = sourcecode.swift; path = ContentView.swift; sourceTree = "<group>"; };
		6021035E2C75DB2F0025E247 /* ForceView.swift */ = {isa = PBXFileReference; fileEncoding = 4; lastKnownFileType = sourcecode.swift; path = ForceView.swift; sourceTree = "<group>"; };
		6021035F2C75DB2F0025E247 /* extension.swift */ = {isa = PBXFileReference; fileEncoding = 4; lastKnownFileType = sourcecode.swift; path = extension.swift; sourceTree = "<group>"; };
		602103602C75DB2F0025E247 /* ARView.swift */ = {isa = PBXFileReference; fileEncoding = 4; lastKnownFileType = sourcecode.swift; path = ARView.swift; sourceTree = "<group>"; };
		602103612C75DB2F0025E247 /* SettingView.swift */ = {isa = PBXFileReference; fileEncoding = 4; lastKnownFileType = sourcecode.swift; path = SettingView.swift; sourceTree = "<group>"; };
		602103622C75DB2F0025E247 /* AngleView.swift */ = {isa = PBXFileReference; fileEncoding = 4; lastKnownFileType = sourcecode.swift; path = AngleView.swift; sourceTree = "<group>"; };
		6021036F2C75DB3A0025E247 /* CameraPreviewView.swift */ = {isa = PBXFileReference; fileEncoding = 4; lastKnownFileType = sourcecode.swift; path = CameraPreviewView.swift; sourceTree = "<group>"; };
		602103702C75DB3A0025E247 /* CameraView.swift */ = {isa = PBXFileReference; fileEncoding = 4; lastKnownFileType = sourcecode.swift; path = CameraView.swift; sourceTree = "<group>"; };
		602A42372C75E838006B4D1A /* RaspberryPiStatusView.swift */ = {isa = PBXFileReference; lastKnownFileType = sourcecode.swift; path = RaspberryPiStatusView.swift; sourceTree = "<group>"; };
		603E5E892C766B6B00ABF2FE /* MotionDataModel.swift */ = {isa = PBXFileReference; fileEncoding = 4; lastKnownFileType = sourcecode.swift; path = MotionDataModel.swift; sourceTree = "<group>"; };
		603E5E8A2C766B6B00ABF2FE /* SwiftDataModel.swift */ = {isa = PBXFileReference; fileEncoding = 4; lastKnownFileType = sourcecode.swift; path = SwiftDataModel.swift; sourceTree = "<group>"; };
		603E5E8B2C766B6B00ABF2FE /* ARRecorder.swift */ = {isa = PBXFileReference; fileEncoding = 4; lastKnownFileType = sourcecode.swift; path = ARRecorder.swift; sourceTree = "<group>"; };
		603E5E8C2C766B6B00ABF2FE /* ExtensionSimd.swift */ = {isa = PBXFileReference; fileEncoding = 4; lastKnownFileType = sourcecode.swift; path = ExtensionSimd.swift; sourceTree = "<group>"; };
		603E5E8D2C766B6B00ABF2FE /* CameraManager.swift */ = {isa = PBXFileReference; fileEncoding = 4; lastKnownFileType = sourcecode.swift; path = CameraManager.swift; sourceTree = "<group>"; };
		603E5E8E2C766B6B00ABF2FE /* Server.swift */ = {isa = PBXFileReference; fileEncoding = 4; lastKnownFileType = sourcecode.swift; path = Server.swift; sourceTree = "<group>"; };
		603E5E8F2C766B6B00ABF2FE /* DataModel.swift */ = {isa = PBXFileReference; fileEncoding = 4; lastKnownFileType = sourcecode.swift; path = DataModel.swift; sourceTree = "<group>"; };
		603E5E902C766B6B00ABF2FE /* ScenarioModel.swift */ = {isa = PBXFileReference; fileEncoding = 4; lastKnownFileType = sourcecode.swift; path = ScenarioModel.swift; sourceTree = "<group>"; };
		603E5E912C766B6B00ABF2FE /* WebSocketManager.swift */ = {isa = PBXFileReference; fileEncoding = 4; lastKnownFileType = sourcecode.swift; path = WebSocketManager.swift; sourceTree = "<group>"; };
		603E5E932C766B6B00ABF2FE /* RecordAllDataModel.swift */ = {isa = PBXFileReference; fileEncoding = 4; lastKnownFileType = sourcecode.swift; path = RecordAllDataModel.swift; sourceTree = "<group>"; };
		603E5EA02C7708CC00ABF2FE /* UIColor+Extension.swift */ = {isa = PBXFileReference; lastKnownFileType = sourcecode.swift; path = "UIColor+Extension.swift"; sourceTree = "<group>"; };
		603E5EA22C7708DD00ABF2FE /* Color+Extension.swift */ = {isa = PBXFileReference; lastKnownFileType = sourcecode.swift; path = "Color+Extension.swift"; sourceTree = "<group>"; };
		603E5EA62C77167D00ABF2FE /* NewScenarioView.swift */ = {isa = PBXFileReference; lastKnownFileType = sourcecode.swift; path = NewScenarioView.swift; sourceTree = "<group>"; };
		603E5EA92C78CADF00ABF2FE /* SwiftWebSocketServer.swift */ = {isa = PBXFileReference; fileEncoding = 4; lastKnownFileType = sourcecode.swift; path = SwiftWebSocketServer.swift; sourceTree = "<group>"; };
		603E5EAB2C78D5D200ABF2FE /* TestServerView.swift */ = {isa = PBXFileReference; lastKnownFileType = sourcecode.swift; path = TestServerView.swift; sourceTree = "<group>"; };
		605DA4FB2C79D45C00034F67 /* SchemaV1.swift */ = {isa = PBXFileReference; lastKnownFileType = sourcecode.swift; path = SchemaV1.swift; sourceTree = "<group>"; };
		605DA4FD2C79D52300034F67 /* SchemaLatest.swift */ = {isa = PBXFileReference; lastKnownFileType = sourcecode.swift; path = SchemaLatest.swift; sourceTree = "<group>"; };
		605DA4FF2C7A150E00034F67 /* Email.swift */ = {isa = PBXFileReference; fileEncoding = 4; lastKnownFileType = sourcecode.swift; path = Email.swift; sourceTree = "<group>"; };
		605DA5012C7A20F800034F67 /* InfoView.swift */ = {isa = PBXFileReference; lastKnownFileType = sourcecode.swift; path = InfoView.swift; sourceTree = "<group>"; };
		607B2DEB2C6D15340010D914 /* README.md */ = {isa = PBXFileReference; lastKnownFileType = net.daringfireball.markdown; path = README.md; sourceTree = "<group>"; };
		6093951F2C55473700E98950 /* MagiClaw.app */ = {isa = PBXFileReference; explicitFileType = wrapper.application; includeInIndex = 0; path = MagiClaw.app; sourceTree = BUILT_PRODUCTS_DIR; };
		609395222C55473700E98950 /* MagiClawApp.swift */ = {isa = PBXFileReference; lastKnownFileType = sourcecode.swift; path = MagiClawApp.swift; sourceTree = "<group>"; };
		609395262C55473A00E98950 /* Assets.xcassets */ = {isa = PBXFileReference; lastKnownFileType = folder.assetcatalog; path = Assets.xcassets; sourceTree = "<group>"; };
		609395292C55473A00E98950 /* Preview Assets.xcassets */ = {isa = PBXFileReference; lastKnownFileType = folder.assetcatalog; path = "Preview Assets.xcassets"; sourceTree = "<group>"; };
		6093954F2C554A7200E98950 /* AttitudeIndicatorView.swift */ = {isa = PBXFileReference; fileEncoding = 4; lastKnownFileType = sourcecode.swift; path = AttitudeIndicatorView.swift; sourceTree = "<group>"; };
		609395502C554A7200E98950 /* ChartView.swift */ = {isa = PBXFileReference; fileEncoding = 4; lastKnownFileType = sourcecode.swift; path = ChartView.swift; sourceTree = "<group>"; };
		609395532C554A7200E98950 /* ExportView.swift */ = {isa = PBXFileReference; fileEncoding = 4; lastKnownFileType = sourcecode.swift; path = ExportView.swift; sourceTree = "<group>"; };
		6093955C2C554A7200E98950 /* PreviewSampleData.swift */ = {isa = PBXFileReference; fileEncoding = 4; lastKnownFileType = sourcecode.swift; path = PreviewSampleData.swift; sourceTree = "<group>"; };
/* End PBXFileReference section */

/* Begin PBXFrameworksBuildPhase section */
		6093951C2C55473700E98950 /* Frameworks */ = {
			isa = PBXFrameworksBuildPhase;
			buildActionMask = 2147483647;
			files = (
			);
			runOnlyForDeploymentPostprocessing = 0;
		};
/* End PBXFrameworksBuildPhase section */

/* Begin PBXGroup section */
		3D117EEE2C63E854006A7871 /* Unused */ = {
			isa = PBXGroup;
			children = (
				6093954F2C554A7200E98950 /* AttitudeIndicatorView.swift */,
				609395502C554A7200E98950 /* ChartView.swift */,
				609395532C554A7200E98950 /* ExportView.swift */,
			);
			path = Unused;
			sourceTree = "<group>";
		};
		603E5E9F2C7708B800ABF2FE /* Extension */ = {
			isa = PBXGroup;
			children = (
				603E5EA02C7708CC00ABF2FE /* UIColor+Extension.swift */,
				603E5EA22C7708DD00ABF2FE /* Color+Extension.swift */,
				603E5E8C2C766B6B00ABF2FE /* ExtensionSimd.swift */,
			);
			path = Extension;
			sourceTree = "<group>";
		};
		603E5EA42C770F8200ABF2FE /* RaspberryPi */ = {
			isa = PBXGroup;
			children = (
				6021035B2C75DB2E0025E247 /* RaspberryPiView.swift */,
				602A42372C75E838006B4D1A /* RaspberryPiStatusView.swift */,
				602103622C75DB2F0025E247 /* AngleView.swift */,
				6021035E2C75DB2F0025E247 /* ForceView.swift */,
			);
			path = RaspberryPi;
			sourceTree = "<group>";
		};
		603E5EA52C770FE800ABF2FE /* Panel */ = {
			isa = PBXGroup;
			children = (
				602103602C75DB2F0025E247 /* ARView.swift */,
				602103592C75DB2E0025E247 /* ControlButtonView.swift */,
				6021035C2C75DB2F0025E247 /* PanelView.swift */,
				602103572C75DB2E0025E247 /* StopWach.swift */,
			);
			path = Panel;
			sourceTree = "<group>";
		};
		603E5EA82C771C1A00ABF2FE /* Data */ = {
			isa = PBXGroup;
			children = (
				603E5E8F2C766B6B00ABF2FE /* DataModel.swift */,
				603E5E8A2C766B6B00ABF2FE /* SwiftDataModel.swift */,
				603E5E902C766B6B00ABF2FE /* ScenarioModel.swift */,
				605DA4FB2C79D45C00034F67 /* SchemaV1.swift */,
				605DA4FD2C79D52300034F67 /* SchemaLatest.swift */,
			);
			path = Data;
			sourceTree = "<group>";
		};
		609395162C55473700E98950 = {
			isa = PBXGroup;
			children = (
				607B2DEB2C6D15340010D914 /* README.md */,
				609395212C55473700E98950 /* RoboticDataCollection */,
				609395202C55473700E98950 /* Products */,
			);
			sourceTree = "<group>";
		};
		609395202C55473700E98950 /* Products */ = {
			isa = PBXGroup;
			children = (
				6093951F2C55473700E98950 /* MagiClaw.app */,
			);
			name = Products;
			sourceTree = "<group>";
		};
		609395212C55473700E98950 /* RoboticDataCollection */ = {
			isa = PBXGroup;
			children = (
				609395222C55473700E98950 /* MagiClawApp.swift */,
				603E5E9F2C7708B800ABF2FE /* Extension */,
				3D625B682C5F560600180FCB /* Info.plist */,
				6093956A2C554A7200E98950 /* Model */,
				6093955D2C554A7200E98950 /* support */,
				6093955B2C554A7200E98950 /* View */,
				609395262C55473A00E98950 /* Assets.xcassets */,
				609395282C55473A00E98950 /* Preview Content */,
			);
			path = RoboticDataCollection;
			sourceTree = "<group>";
		};
		609395282C55473A00E98950 /* Preview Content */ = {
			isa = PBXGroup;
			children = (
				609395292C55473A00E98950 /* Preview Assets.xcassets */,
			);
			path = "Preview Content";
			sourceTree = "<group>";
		};
		609395422C554A7200E98950 /* Camera */ = {
			isa = PBXGroup;
			children = (
				6021036F2C75DB3A0025E247 /* CameraPreviewView.swift */,
				602103702C75DB3A0025E247 /* CameraView.swift */,
			);
			path = Camera;
			sourceTree = "<group>";
		};
		6093955B2C554A7200E98950 /* View */ = {
			isa = PBXGroup;
			children = (
				603E5EA52C770FE800ABF2FE /* Panel */,
				603E5EA42C770F8200ABF2FE /* RaspberryPi */,
				6021035D2C75DB2F0025E247 /* ContentView.swift */,
				6021035F2C75DB2F0025E247 /* extension.swift */,
				603E5EA62C77167D00ABF2FE /* NewScenarioView.swift */,
				603E5EAB2C78D5D200ABF2FE /* TestServerView.swift */,
				605DA5012C7A20F800034F67 /* InfoView.swift */,
				605DA4FF2C7A150E00034F67 /* Email.swift */,
				602103582C75DB2E0025E247 /* HistoryView.swift */,
				6021035A2C75DB2E0025E247 /* IPView.swift */,
				602103612C75DB2F0025E247 /* SettingView.swift */,
				3D117EEE2C63E854006A7871 /* Unused */,
				609395422C554A7200E98950 /* Camera */,
			);
			path = View;
			sourceTree = "<group>";
		};
		6093955D2C554A7200E98950 /* support */ = {
			isa = PBXGroup;
			children = (
				6093955C2C554A7200E98950 /* PreviewSampleData.swift */,
			);
			path = support;
			sourceTree = "<group>";
		};
		6093956A2C554A7200E98950 /* Model */ = {
			isa = PBXGroup;
			children = (
				603E5EA82C771C1A00ABF2FE /* Data */,
				603E5E8B2C766B6B00ABF2FE /* ARRecorder.swift */,
				603E5E8D2C766B6B00ABF2FE /* CameraManager.swift */,
				603E5E892C766B6B00ABF2FE /* MotionDataModel.swift */,
				603E5E932C766B6B00ABF2FE /* RecordAllDataModel.swift */,
				603E5EA92C78CADF00ABF2FE /* SwiftWebSocketServer.swift */,
				603E5E8E2C766B6B00ABF2FE /* Server.swift */,
				603E5E912C766B6B00ABF2FE /* WebSocketManager.swift */,
			);
			path = Model;
			sourceTree = "<group>";
		};
/* End PBXGroup section */

/* Begin PBXNativeTarget section */
		6093951E2C55473700E98950 /* MagiClaw */ = {
			isa = PBXNativeTarget;
			buildConfigurationList = 6093952D2C55473A00E98950 /* Build configuration list for PBXNativeTarget "MagiClaw" */;
			buildPhases = (
				6093951B2C55473700E98950 /* Sources */,
				6093951C2C55473700E98950 /* Frameworks */,
				6093951D2C55473700E98950 /* Resources */,
			);
			buildRules = (
			);
			dependencies = (
			);
			name = MagiClaw;
			packageProductDependencies = (
			);
			productName = RoboticDataCollection;
			productReference = 6093951F2C55473700E98950 /* MagiClaw.app */;
			productType = "com.apple.product-type.application";
		};
/* End PBXNativeTarget section */

/* Begin PBXProject section */
		609395172C55473700E98950 /* Project object */ = {
			isa = PBXProject;
			attributes = {
				BuildIndependentTargetsInParallel = 1;
				LastSwiftUpdateCheck = 1540;
				LastUpgradeCheck = 1540;
				TargetAttributes = {
					6093951E2C55473700E98950 = {
						CreatedOnToolsVersion = 15.4;
					};
				};
			};
			buildConfigurationList = 6093951A2C55473700E98950 /* Build configuration list for PBXProject "MagiClaw" */;
			compatibilityVersion = "Xcode 14.0";
			developmentRegion = en;
			hasScannedForEncodings = 0;
			knownRegions = (
				en,
				Base,
			);
			mainGroup = 609395162C55473700E98950;
			packageReferences = (
			);
			productRefGroup = 609395202C55473700E98950 /* Products */;
			projectDirPath = "";
			projectRoot = "";
			targets = (
				6093951E2C55473700E98950 /* MagiClaw */,
			);
		};
/* End PBXProject section */

/* Begin PBXResourcesBuildPhase section */
		6093951D2C55473700E98950 /* Resources */ = {
			isa = PBXResourcesBuildPhase;
			buildActionMask = 2147483647;
			files = (
				607B2DEC2C6D15340010D914 /* README.md in Resources */,
				6093952A2C55473A00E98950 /* Preview Assets.xcassets in Resources */,
				609395272C55473A00E98950 /* Assets.xcassets in Resources */,
			);
			runOnlyForDeploymentPostprocessing = 0;
		};
/* End PBXResourcesBuildPhase section */

/* Begin PBXSourcesBuildPhase section */
		6093951B2C55473700E98950 /* Sources */ = {
			isa = PBXSourcesBuildPhase;
			buildActionMask = 2147483647;
			files = (
				6021036C2C75DB2F0025E247 /* ARView.swift in Sources */,
				602103722C75DB3A0025E247 /* CameraView.swift in Sources */,
				609395792C554A7200E98950 /* AttitudeIndicatorView.swift in Sources */,
				603E5EA72C77167D00ABF2FE /* NewScenarioView.swift in Sources */,
				602103652C75DB2F0025E247 /* ControlButtonView.swift in Sources */,
				6021036A2C75DB2F0025E247 /* ForceView.swift in Sources */,
				605DA5002C7A150E00034F67 /* Email.swift in Sources */,
				609395852C554A7200E98950 /* PreviewSampleData.swift in Sources */,
				609395232C55473700E98950 /* MagiClawApp.swift in Sources */,
				603E5EAA2C78CADF00ABF2FE /* SwiftWebSocketServer.swift in Sources */,
				6021036B2C75DB2F0025E247 /* extension.swift in Sources */,
				605DA4FE2C79D52300034F67 /* SchemaLatest.swift in Sources */,
				603E5E9C2C766B6B00ABF2FE /* WebSocketManager.swift in Sources */,
				602103642C75DB2F0025E247 /* HistoryView.swift in Sources */,
				602103632C75DB2F0025E247 /* StopWach.swift in Sources */,
				602103672C75DB2F0025E247 /* RaspberryPiView.swift in Sources */,
				603E5E992C766B6B00ABF2FE /* Server.swift in Sources */,
				602103662C75DB2F0025E247 /* IPView.swift in Sources */,
				6021036E2C75DB2F0025E247 /* AngleView.swift in Sources */,
				603E5E962C766B6B00ABF2FE /* ARRecorder.swift in Sources */,
				602103712C75DB3A0025E247 /* CameraPreviewView.swift in Sources */,
				603E5E942C766B6B00ABF2FE /* MotionDataModel.swift in Sources */,
				603E5E972C766B6B00ABF2FE /* ExtensionSimd.swift in Sources */,
				603E5EAC2C78D5D200ABF2FE /* TestServerView.swift in Sources */,
				602103682C75DB2F0025E247 /* PanelView.swift in Sources */,
				6093957D2C554A7200E98950 /* ExportView.swift in Sources */,
				603E5E952C766B6B00ABF2FE /* SwiftDataModel.swift in Sources */,
				602103692C75DB2F0025E247 /* ContentView.swift in Sources */,
				603E5EA12C7708CC00ABF2FE /* UIColor+Extension.swift in Sources */,
				6021036D2C75DB2F0025E247 /* SettingView.swift in Sources */,
				605DA4FC2C79D45C00034F67 /* SchemaV1.swift in Sources */,
				605DA5022C7A20F800034F67 /* InfoView.swift in Sources */,
				603E5E9B2C766B6B00ABF2FE /* ScenarioModel.swift in Sources */,
				6093957A2C554A7200E98950 /* ChartView.swift in Sources */,
				603E5E9A2C766B6B00ABF2FE /* DataModel.swift in Sources */,
				603E5E9E2C766B6B00ABF2FE /* RecordAllDataModel.swift in Sources */,
				602A42382C75E838006B4D1A /* RaspberryPiStatusView.swift in Sources */,
				603E5EA32C7708DD00ABF2FE /* Color+Extension.swift in Sources */,
				603E5E982C766B6B00ABF2FE /* CameraManager.swift in Sources */,
			);
			runOnlyForDeploymentPostprocessing = 0;
		};
/* End PBXSourcesBuildPhase section */

/* Begin XCBuildConfiguration section */
		6093952B2C55473A00E98950 /* Debug */ = {
			isa = XCBuildConfiguration;
			buildSettings = {
				ALWAYS_SEARCH_USER_PATHS = NO;
				ASSETCATALOG_COMPILER_GENERATE_SWIFT_ASSET_SYMBOL_EXTENSIONS = YES;
				CLANG_ANALYZER_NONNULL = YES;
				CLANG_ANALYZER_NUMBER_OBJECT_CONVERSION = YES_AGGRESSIVE;
				CLANG_CXX_LANGUAGE_STANDARD = "gnu++20";
				CLANG_ENABLE_MODULES = YES;
				CLANG_ENABLE_OBJC_ARC = YES;
				CLANG_ENABLE_OBJC_WEAK = YES;
				CLANG_WARN_BLOCK_CAPTURE_AUTORELEASING = YES;
				CLANG_WARN_BOOL_CONVERSION = YES;
				CLANG_WARN_COMMA = YES;
				CLANG_WARN_CONSTANT_CONVERSION = YES;
				CLANG_WARN_DEPRECATED_OBJC_IMPLEMENTATIONS = YES;
				CLANG_WARN_DIRECT_OBJC_ISA_USAGE = YES_ERROR;
				CLANG_WARN_DOCUMENTATION_COMMENTS = YES;
				CLANG_WARN_EMPTY_BODY = YES;
				CLANG_WARN_ENUM_CONVERSION = YES;
				CLANG_WARN_INFINITE_RECURSION = YES;
				CLANG_WARN_INT_CONVERSION = YES;
				CLANG_WARN_NON_LITERAL_NULL_CONVERSION = YES;
				CLANG_WARN_OBJC_IMPLICIT_RETAIN_SELF = YES;
				CLANG_WARN_OBJC_LITERAL_CONVERSION = YES;
				CLANG_WARN_OBJC_ROOT_CLASS = YES_ERROR;
				CLANG_WARN_QUOTED_INCLUDE_IN_FRAMEWORK_HEADER = YES;
				CLANG_WARN_RANGE_LOOP_ANALYSIS = YES;
				CLANG_WARN_STRICT_PROTOTYPES = YES;
				CLANG_WARN_SUSPICIOUS_MOVE = YES;
				CLANG_WARN_UNGUARDED_AVAILABILITY = YES_AGGRESSIVE;
				CLANG_WARN_UNREACHABLE_CODE = YES;
				CLANG_WARN__DUPLICATE_METHOD_MATCH = YES;
				COPY_PHASE_STRIP = NO;
				DEBUG_INFORMATION_FORMAT = dwarf;
				ENABLE_STRICT_OBJC_MSGSEND = YES;
				ENABLE_TESTABILITY = YES;
				ENABLE_USER_SCRIPT_SANDBOXING = YES;
				GCC_C_LANGUAGE_STANDARD = gnu17;
				GCC_DYNAMIC_NO_PIC = NO;
				GCC_NO_COMMON_BLOCKS = YES;
				GCC_OPTIMIZATION_LEVEL = 0;
				GCC_PREPROCESSOR_DEFINITIONS = (
					"DEBUG=1",
					"$(inherited)",
				);
				GCC_WARN_64_TO_32_BIT_CONVERSION = YES;
				GCC_WARN_ABOUT_RETURN_TYPE = YES_ERROR;
				GCC_WARN_UNDECLARED_SELECTOR = YES;
				GCC_WARN_UNINITIALIZED_AUTOS = YES_AGGRESSIVE;
				GCC_WARN_UNUSED_FUNCTION = YES;
				GCC_WARN_UNUSED_VARIABLE = YES;
				IPHONEOS_DEPLOYMENT_TARGET = 17.5;
				LOCALIZATION_PREFERS_STRING_CATALOGS = YES;
				MTL_ENABLE_DEBUG_INFO = INCLUDE_SOURCE;
				MTL_FAST_MATH = YES;
				ONLY_ACTIVE_ARCH = YES;
				SDKROOT = iphoneos;
				SWIFT_ACTIVE_COMPILATION_CONDITIONS = "DEBUG $(inherited)";
				SWIFT_OPTIMIZATION_LEVEL = "-Onone";
			};
			name = Debug;
		};
		6093952C2C55473A00E98950 /* Release */ = {
			isa = XCBuildConfiguration;
			buildSettings = {
				ALWAYS_SEARCH_USER_PATHS = NO;
				ASSETCATALOG_COMPILER_GENERATE_SWIFT_ASSET_SYMBOL_EXTENSIONS = YES;
				CLANG_ANALYZER_NONNULL = YES;
				CLANG_ANALYZER_NUMBER_OBJECT_CONVERSION = YES_AGGRESSIVE;
				CLANG_CXX_LANGUAGE_STANDARD = "gnu++20";
				CLANG_ENABLE_MODULES = YES;
				CLANG_ENABLE_OBJC_ARC = YES;
				CLANG_ENABLE_OBJC_WEAK = YES;
				CLANG_WARN_BLOCK_CAPTURE_AUTORELEASING = YES;
				CLANG_WARN_BOOL_CONVERSION = YES;
				CLANG_WARN_COMMA = YES;
				CLANG_WARN_CONSTANT_CONVERSION = YES;
				CLANG_WARN_DEPRECATED_OBJC_IMPLEMENTATIONS = YES;
				CLANG_WARN_DIRECT_OBJC_ISA_USAGE = YES_ERROR;
				CLANG_WARN_DOCUMENTATION_COMMENTS = YES;
				CLANG_WARN_EMPTY_BODY = YES;
				CLANG_WARN_ENUM_CONVERSION = YES;
				CLANG_WARN_INFINITE_RECURSION = YES;
				CLANG_WARN_INT_CONVERSION = YES;
				CLANG_WARN_NON_LITERAL_NULL_CONVERSION = YES;
				CLANG_WARN_OBJC_IMPLICIT_RETAIN_SELF = YES;
				CLANG_WARN_OBJC_LITERAL_CONVERSION = YES;
				CLANG_WARN_OBJC_ROOT_CLASS = YES_ERROR;
				CLANG_WARN_QUOTED_INCLUDE_IN_FRAMEWORK_HEADER = YES;
				CLANG_WARN_RANGE_LOOP_ANALYSIS = YES;
				CLANG_WARN_STRICT_PROTOTYPES = YES;
				CLANG_WARN_SUSPICIOUS_MOVE = YES;
				CLANG_WARN_UNGUARDED_AVAILABILITY = YES_AGGRESSIVE;
				CLANG_WARN_UNREACHABLE_CODE = YES;
				CLANG_WARN__DUPLICATE_METHOD_MATCH = YES;
				COPY_PHASE_STRIP = NO;
				DEBUG_INFORMATION_FORMAT = "dwarf-with-dsym";
				ENABLE_NS_ASSERTIONS = NO;
				ENABLE_STRICT_OBJC_MSGSEND = YES;
				ENABLE_USER_SCRIPT_SANDBOXING = YES;
				GCC_C_LANGUAGE_STANDARD = gnu17;
				GCC_NO_COMMON_BLOCKS = YES;
				GCC_WARN_64_TO_32_BIT_CONVERSION = YES;
				GCC_WARN_ABOUT_RETURN_TYPE = YES_ERROR;
				GCC_WARN_UNDECLARED_SELECTOR = YES;
				GCC_WARN_UNINITIALIZED_AUTOS = YES_AGGRESSIVE;
				GCC_WARN_UNUSED_FUNCTION = YES;
				GCC_WARN_UNUSED_VARIABLE = YES;
				IPHONEOS_DEPLOYMENT_TARGET = 17.5;
				LOCALIZATION_PREFERS_STRING_CATALOGS = YES;
				MTL_ENABLE_DEBUG_INFO = NO;
				MTL_FAST_MATH = YES;
				SDKROOT = iphoneos;
				SWIFT_COMPILATION_MODE = wholemodule;
				VALIDATE_PRODUCT = YES;
			};
			name = Release;
		};
		6093952E2C55473A00E98950 /* Debug */ = {
			isa = XCBuildConfiguration;
			buildSettings = {
				ASSETCATALOG_COMPILER_APPICON_NAME = AppIcon;
				ASSETCATALOG_COMPILER_GLOBAL_ACCENT_COLOR_NAME = AccentColor;
				CODE_SIGN_STYLE = Automatic;
				CURRENT_PROJECT_VERSION = 1;
				DEVELOPMENT_ASSET_PATHS = "\"RoboticDataCollection/Preview Content\"";
				DEVELOPMENT_TEAM = 7DTG838RB6;
				ENABLE_PREVIEWS = YES;
				GENERATE_INFOPLIST_FILE = YES;
				INFOPLIST_FILE = RoboticDataCollection/Info.plist;
				INFOPLIST_KEY_CFBundleDisplayName = MagiClaw;
				INFOPLIST_KEY_LSApplicationCategoryType = "public.app-category.utilities";
				INFOPLIST_KEY_LSSupportsOpeningDocumentsInPlace = YES;
				INFOPLIST_KEY_NSCameraUsageDescription = "We need access to your camera so you can record videos as part of the data collection process.";
				INFOPLIST_KEY_NSPhotoLibraryUsageDescription = "This app requires access to your photo library to save images you record";
				INFOPLIST_KEY_UIApplicationSceneManifest_Generation = YES;
				INFOPLIST_KEY_UIApplicationSupportsIndirectInputEvents = YES;
				INFOPLIST_KEY_UISupportedInterfaceOrientations = "UIInterfaceOrientationLandscapeLeft UIInterfaceOrientationLandscapeRight UIInterfaceOrientationPortrait";
				INFOPLIST_KEY_UISupportedInterfaceOrientations_iPad = "UIInterfaceOrientationLandscapeLeft UIInterfaceOrientationLandscapeRight UIInterfaceOrientationPortrait UIInterfaceOrientationPortraitUpsideDown";
				IPHONEOS_DEPLOYMENT_TARGET = 17.0;
				LD_RUNPATH_SEARCH_PATHS = (
					"$(inherited)",
					"@executable_path/Frameworks",
				);
				MARKETING_VERSION = 1.0;
				PRODUCT_BUNDLE_IDENTIFIER = com.ancorasir.MagiClaw;
				PRODUCT_NAME = "$(TARGET_NAME)";
				SUPPORTED_PLATFORMS = "iphoneos iphonesimulator";
				SUPPORTS_MACCATALYST = NO;
				SUPPORTS_MAC_DESIGNED_FOR_IPHONE_IPAD = NO;
				SUPPORTS_XR_DESIGNED_FOR_IPHONE_IPAD = NO;
				SWIFT_EMIT_LOC_STRINGS = YES;
				SWIFT_VERSION = 5.0;
				TARGETED_DEVICE_FAMILY = 1;
			};
			name = Debug;
		};
		6093952F2C55473A00E98950 /* Release */ = {
			isa = XCBuildConfiguration;
			buildSettings = {
				ASSETCATALOG_COMPILER_APPICON_NAME = AppIcon;
				ASSETCATALOG_COMPILER_GLOBAL_ACCENT_COLOR_NAME = AccentColor;
				CODE_SIGN_STYLE = Automatic;
				CURRENT_PROJECT_VERSION = 1;
				DEVELOPMENT_ASSET_PATHS = "\"RoboticDataCollection/Preview Content\"";
				DEVELOPMENT_TEAM = 7DTG838RB6;
				ENABLE_PREVIEWS = YES;
				GENERATE_INFOPLIST_FILE = YES;
				INFOPLIST_FILE = RoboticDataCollection/Info.plist;
				INFOPLIST_KEY_CFBundleDisplayName = MagiClaw;
				INFOPLIST_KEY_LSApplicationCategoryType = "public.app-category.utilities";
				INFOPLIST_KEY_LSSupportsOpeningDocumentsInPlace = YES;
				INFOPLIST_KEY_NSCameraUsageDescription = "We need access to your camera so you can record videos as part of the data collection process.";
				INFOPLIST_KEY_NSPhotoLibraryUsageDescription = "This app requires access to your photo library to save images you record";
				INFOPLIST_KEY_UIApplicationSceneManifest_Generation = YES;
				INFOPLIST_KEY_UIApplicationSupportsIndirectInputEvents = YES;
				INFOPLIST_KEY_UISupportedInterfaceOrientations = "UIInterfaceOrientationLandscapeLeft UIInterfaceOrientationLandscapeRight UIInterfaceOrientationPortrait";
				INFOPLIST_KEY_UISupportedInterfaceOrientations_iPad = "UIInterfaceOrientationLandscapeLeft UIInterfaceOrientationLandscapeRight UIInterfaceOrientationPortrait UIInterfaceOrientationPortraitUpsideDown";
				IPHONEOS_DEPLOYMENT_TARGET = 17.0;
				LD_RUNPATH_SEARCH_PATHS = (
					"$(inherited)",
					"@executable_path/Frameworks",
				);
				MARKETING_VERSION = 1.0;
				PRODUCT_BUNDLE_IDENTIFIER = com.ancorasir.MagiClaw;
				PRODUCT_NAME = "$(TARGET_NAME)";
				SUPPORTED_PLATFORMS = "iphoneos iphonesimulator";
				SUPPORTS_MACCATALYST = NO;
				SUPPORTS_MAC_DESIGNED_FOR_IPHONE_IPAD = NO;
				SUPPORTS_XR_DESIGNED_FOR_IPHONE_IPAD = NO;
				SWIFT_EMIT_LOC_STRINGS = YES;
				SWIFT_VERSION = 5.0;
				TARGETED_DEVICE_FAMILY = 1;
			};
			name = Release;
		};
/* End XCBuildConfiguration section */

/* Begin XCConfigurationList section */
		6093951A2C55473700E98950 /* Build configuration list for PBXProject "MagiClaw" */ = {
			isa = XCConfigurationList;
			buildConfigurations = (
				6093952B2C55473A00E98950 /* Debug */,
				6093952C2C55473A00E98950 /* Release */,
			);
			defaultConfigurationIsVisible = 0;
			defaultConfigurationName = Release;
		};
		6093952D2C55473A00E98950 /* Build configuration list for PBXNativeTarget "MagiClaw" */ = {
			isa = XCConfigurationList;
			buildConfigurations = (
				6093952E2C55473A00E98950 /* Debug */,
				6093952F2C55473A00E98950 /* Release */,
			);
			defaultConfigurationIsVisible = 0;
			defaultConfigurationName = Release;
		};
/* End XCConfigurationList section */
	};
	rootObject = 609395172C55473700E98950 /* Project object */;
}
