// !$*UTF8*$!
{
	archiveVersion = 1;
	classes = {
	};
	objectVersion = 56;
	objects = {

/* Begin PBXBuildFile section */
		3D117EEB2C63E02D006A7871 /* ScenarioCase.swift in Sources */ = {isa = PBXBuildFile; fileRef = 3D117EEA2C63E02D006A7871 /* ScenarioCase.swift */; };
		3D117EED2C63E6B8006A7871 /* AngleView.swift in Sources */ = {isa = PBXBuildFile; fileRef = 3D117EEC2C63E6B8006A7871 /* AngleView.swift */; };
		3D625B6A2C622CEF00180FCB /* extension.swift in Sources */ = {isa = PBXBuildFile; fileRef = 3D625B692C622CEF00180FCB /* extension.swift */; };
		607B2DB22C6C55B00010D914 /* DescriptionModel.swift in Sources */ = {isa = PBXBuildFile; fileRef = 607B2DB12C6C55B00010D914 /* DescriptionModel.swift */; };
		607B2DEA2C6C6A1F0010D914 /* test.swift in Sources */ = {isa = PBXBuildFile; fileRef = 607B2DE92C6C6A1F0010D914 /* test.swift */; };
		607B2DEC2C6D15340010D914 /* README.md in Resources */ = {isa = PBXBuildFile; fileRef = 607B2DEB2C6D15340010D914 /* README.md */; };
		609395232C55473700E98950 /* RoboticDataCollectionApp.swift in Sources */ = {isa = PBXBuildFile; fileRef = 609395222C55473700E98950 /* RoboticDataCollectionApp.swift */; };
		609395272C55473A00E98950 /* Assets.xcassets in Resources */ = {isa = PBXBuildFile; fileRef = 609395262C55473A00E98950 /* Assets.xcassets */; };
		6093952A2C55473A00E98950 /* Preview Assets.xcassets in Resources */ = {isa = PBXBuildFile; fileRef = 609395292C55473A00E98950 /* Preview Assets.xcassets */; };
		6093956C2C554A7200E98950 /* CameraPreviewView.swift in Sources */ = {isa = PBXBuildFile; fileRef = 609395402C554A7200E98950 /* CameraPreviewView.swift */; };
		6093956D2C554A7200E98950 /* CameraView.swift in Sources */ = {isa = PBXBuildFile; fileRef = 609395412C554A7200E98950 /* CameraView.swift */; };
		609395782C554A7200E98950 /* ARView.swift in Sources */ = {isa = PBXBuildFile; fileRef = 6093954E2C554A7200E98950 /* ARView.swift */; };
		609395792C554A7200E98950 /* AttitudeIndicatorView.swift in Sources */ = {isa = PBXBuildFile; fileRef = 6093954F2C554A7200E98950 /* AttitudeIndicatorView.swift */; };
		6093957A2C554A7200E98950 /* ChartView.swift in Sources */ = {isa = PBXBuildFile; fileRef = 609395502C554A7200E98950 /* ChartView.swift */; };
		6093957B2C554A7200E98950 /* ContentView.swift in Sources */ = {isa = PBXBuildFile; fileRef = 609395512C554A7200E98950 /* ContentView.swift */; };
		6093957C2C554A7200E98950 /* ControlButtonView.swift in Sources */ = {isa = PBXBuildFile; fileRef = 609395522C554A7200E98950 /* ControlButtonView.swift */; };
		6093957D2C554A7200E98950 /* ExportView.swift in Sources */ = {isa = PBXBuildFile; fileRef = 609395532C554A7200E98950 /* ExportView.swift */; };
		6093957E2C554A7200E98950 /* ForceView.swift in Sources */ = {isa = PBXBuildFile; fileRef = 609395542C554A7200E98950 /* ForceView.swift */; };
		6093957F2C554A7200E98950 /* HistoryView.swift in Sources */ = {isa = PBXBuildFile; fileRef = 609395552C554A7200E98950 /* HistoryView.swift */; };
		609395802C554A7200E98950 /* PanelView.swift in Sources */ = {isa = PBXBuildFile; fileRef = 609395562C554A7200E98950 /* PanelView.swift */; };
		609395812C554A7200E98950 /* RaspberryPiView.swift in Sources */ = {isa = PBXBuildFile; fileRef = 609395572C554A7200E98950 /* RaspberryPiView.swift */; };
		609395822C554A7200E98950 /* SettingView.swift in Sources */ = {isa = PBXBuildFile; fileRef = 609395582C554A7200E98950 /* SettingView.swift */; };
		609395832C554A7200E98950 /* StopWach.swift in Sources */ = {isa = PBXBuildFile; fileRef = 609395592C554A7200E98950 /* StopWach.swift */; };
		609395852C554A7200E98950 /* PreviewSampleData.swift in Sources */ = {isa = PBXBuildFile; fileRef = 6093955C2C554A7200E98950 /* PreviewSampleData.swift */; };
		6093958A2C554A7200E98950 /* ARRecorder.swift in Sources */ = {isa = PBXBuildFile; fileRef = 609395632C554A7200E98950 /* ARRecorder.swift */; };
		6093958B2C554A7200E98950 /* CameraManager.swift in Sources */ = {isa = PBXBuildFile; fileRef = 609395642C554A7200E98950 /* CameraManager.swift */; };
		6093958C2C554A7200E98950 /* DataModel.swift in Sources */ = {isa = PBXBuildFile; fileRef = 609395652C554A7200E98950 /* DataModel.swift */; };
		6093958D2C554A7200E98950 /* MotionDataModel.swift in Sources */ = {isa = PBXBuildFile; fileRef = 609395662C554A7200E98950 /* MotionDataModel.swift */; };
		6093958E2C554A7200E98950 /* RecordAllDataModel.swift in Sources */ = {isa = PBXBuildFile; fileRef = 609395672C554A7200E98950 /* RecordAllDataModel.swift */; };
		6093958F2C554A7200E98950 /* SwiftDataModel.swift in Sources */ = {isa = PBXBuildFile; fileRef = 609395682C554A7200E98950 /* SwiftDataModel.swift */; };
		609395902C554A7200E98950 /* WebSocketManager.swift in Sources */ = {isa = PBXBuildFile; fileRef = 609395692C554A7200E98950 /* WebSocketManager.swift */; };
		60C3A7702C651774005AE3D1 /* Starscream in Frameworks */ = {isa = PBXBuildFile; productRef = 60C3A76F2C651774005AE3D1 /* Starscream */; };
/* End PBXBuildFile section */

/* Begin PBXFileReference section */
		3D117EEA2C63E02D006A7871 /* ScenarioCase.swift */ = {isa = PBXFileReference; lastKnownFileType = sourcecode.swift; path = ScenarioCase.swift; sourceTree = "<group>"; };
		3D117EEC2C63E6B8006A7871 /* AngleView.swift */ = {isa = PBXFileReference; lastKnownFileType = sourcecode.swift; path = AngleView.swift; sourceTree = "<group>"; };
		3D625B682C5F560600180FCB /* Info.plist */ = {isa = PBXFileReference; lastKnownFileType = text.plist; path = Info.plist; sourceTree = "<group>"; };
		3D625B692C622CEF00180FCB /* extension.swift */ = {isa = PBXFileReference; lastKnownFileType = sourcecode.swift; path = extension.swift; sourceTree = "<group>"; };
		607B2DB12C6C55B00010D914 /* DescriptionModel.swift */ = {isa = PBXFileReference; lastKnownFileType = sourcecode.swift; path = DescriptionModel.swift; sourceTree = "<group>"; };
		607B2DE92C6C6A1F0010D914 /* test.swift */ = {isa = PBXFileReference; lastKnownFileType = sourcecode.swift; path = test.swift; sourceTree = "<group>"; };
		607B2DEB2C6D15340010D914 /* README.md */ = {isa = PBXFileReference; lastKnownFileType = net.daringfireball.markdown; path = README.md; sourceTree = "<group>"; };
		6093951F2C55473700E98950 /* RoboticDataCollection.app */ = {isa = PBXFileReference; explicitFileType = wrapper.application; includeInIndex = 0; path = RoboticDataCollection.app; sourceTree = BUILT_PRODUCTS_DIR; };
		609395222C55473700E98950 /* RoboticDataCollectionApp.swift */ = {isa = PBXFileReference; lastKnownFileType = sourcecode.swift; path = RoboticDataCollectionApp.swift; sourceTree = "<group>"; };
		609395262C55473A00E98950 /* Assets.xcassets */ = {isa = PBXFileReference; lastKnownFileType = folder.assetcatalog; path = Assets.xcassets; sourceTree = "<group>"; };
		609395292C55473A00E98950 /* Preview Assets.xcassets */ = {isa = PBXFileReference; lastKnownFileType = folder.assetcatalog; path = "Preview Assets.xcassets"; sourceTree = "<group>"; };
		609395402C554A7200E98950 /* CameraPreviewView.swift */ = {isa = PBXFileReference; fileEncoding = 4; lastKnownFileType = sourcecode.swift; path = CameraPreviewView.swift; sourceTree = "<group>"; };
		609395412C554A7200E98950 /* CameraView.swift */ = {isa = PBXFileReference; fileEncoding = 4; lastKnownFileType = sourcecode.swift; path = CameraView.swift; sourceTree = "<group>"; };
		6093954E2C554A7200E98950 /* ARView.swift */ = {isa = PBXFileReference; fileEncoding = 4; lastKnownFileType = sourcecode.swift; path = ARView.swift; sourceTree = "<group>"; };
		6093954F2C554A7200E98950 /* AttitudeIndicatorView.swift */ = {isa = PBXFileReference; fileEncoding = 4; lastKnownFileType = sourcecode.swift; path = AttitudeIndicatorView.swift; sourceTree = "<group>"; };
		609395502C554A7200E98950 /* ChartView.swift */ = {isa = PBXFileReference; fileEncoding = 4; lastKnownFileType = sourcecode.swift; path = ChartView.swift; sourceTree = "<group>"; };
		609395512C554A7200E98950 /* ContentView.swift */ = {isa = PBXFileReference; fileEncoding = 4; lastKnownFileType = sourcecode.swift; path = ContentView.swift; sourceTree = "<group>"; };
		609395522C554A7200E98950 /* ControlButtonView.swift */ = {isa = PBXFileReference; fileEncoding = 4; lastKnownFileType = sourcecode.swift; path = ControlButtonView.swift; sourceTree = "<group>"; };
		609395532C554A7200E98950 /* ExportView.swift */ = {isa = PBXFileReference; fileEncoding = 4; lastKnownFileType = sourcecode.swift; path = ExportView.swift; sourceTree = "<group>"; };
		609395542C554A7200E98950 /* ForceView.swift */ = {isa = PBXFileReference; fileEncoding = 4; lastKnownFileType = sourcecode.swift; path = ForceView.swift; sourceTree = "<group>"; };
		609395552C554A7200E98950 /* HistoryView.swift */ = {isa = PBXFileReference; fileEncoding = 4; lastKnownFileType = sourcecode.swift; path = HistoryView.swift; sourceTree = "<group>"; };
		609395562C554A7200E98950 /* PanelView.swift */ = {isa = PBXFileReference; fileEncoding = 4; lastKnownFileType = sourcecode.swift; path = PanelView.swift; sourceTree = "<group>"; };
		609395572C554A7200E98950 /* RaspberryPiView.swift */ = {isa = PBXFileReference; fileEncoding = 4; lastKnownFileType = sourcecode.swift; path = RaspberryPiView.swift; sourceTree = "<group>"; };
		609395582C554A7200E98950 /* SettingView.swift */ = {isa = PBXFileReference; fileEncoding = 4; lastKnownFileType = sourcecode.swift; path = SettingView.swift; sourceTree = "<group>"; };
		609395592C554A7200E98950 /* StopWach.swift */ = {isa = PBXFileReference; fileEncoding = 4; lastKnownFileType = sourcecode.swift; path = StopWach.swift; sourceTree = "<group>"; };
		6093955C2C554A7200E98950 /* PreviewSampleData.swift */ = {isa = PBXFileReference; fileEncoding = 4; lastKnownFileType = sourcecode.swift; path = PreviewSampleData.swift; sourceTree = "<group>"; };
		609395632C554A7200E98950 /* ARRecorder.swift */ = {isa = PBXFileReference; fileEncoding = 4; lastKnownFileType = sourcecode.swift; path = ARRecorder.swift; sourceTree = "<group>"; };
		609395642C554A7200E98950 /* CameraManager.swift */ = {isa = PBXFileReference; fileEncoding = 4; lastKnownFileType = sourcecode.swift; path = CameraManager.swift; sourceTree = "<group>"; };
		609395652C554A7200E98950 /* DataModel.swift */ = {isa = PBXFileReference; fileEncoding = 4; lastKnownFileType = sourcecode.swift; path = DataModel.swift; sourceTree = "<group>"; };
		609395662C554A7200E98950 /* MotionDataModel.swift */ = {isa = PBXFileReference; fileEncoding = 4; lastKnownFileType = sourcecode.swift; path = MotionDataModel.swift; sourceTree = "<group>"; };
		609395672C554A7200E98950 /* RecordAllDataModel.swift */ = {isa = PBXFileReference; fileEncoding = 4; lastKnownFileType = sourcecode.swift; path = RecordAllDataModel.swift; sourceTree = "<group>"; };
		609395682C554A7200E98950 /* SwiftDataModel.swift */ = {isa = PBXFileReference; fileEncoding = 4; lastKnownFileType = sourcecode.swift; path = SwiftDataModel.swift; sourceTree = "<group>"; };
		609395692C554A7200E98950 /* WebSocketManager.swift */ = {isa = PBXFileReference; fileEncoding = 4; lastKnownFileType = sourcecode.swift; path = WebSocketManager.swift; sourceTree = "<group>"; };
/* End PBXFileReference section */

/* Begin PBXFrameworksBuildPhase section */
		6093951C2C55473700E98950 /* Frameworks */ = {
			isa = PBXFrameworksBuildPhase;
			buildActionMask = 2147483647;
			files = (
				60C3A7702C651774005AE3D1 /* Starscream in Frameworks */,
			);
			runOnlyForDeploymentPostprocessing = 0;
		};
/* End PBXFrameworksBuildPhase section */

/* Begin PBXGroup section */
		3D117EEE2C63E854006A7871 /* Unused */ = {
			isa = PBXGroup;
			children = (
				6093954F2C554A7200E98950 /* AttitudeIndicatorView.swift */,
				609395502C554A7200E98950 /* ChartView.swift */,
				609395532C554A7200E98950 /* ExportView.swift */,
			);
			path = Unused;
			sourceTree = "<group>";
		};
		609395162C55473700E98950 = {
			isa = PBXGroup;
			children = (
				607B2DEB2C6D15340010D914 /* README.md */,
				609395212C55473700E98950 /* RoboticDataCollection */,
				609395202C55473700E98950 /* Products */,
			);
			sourceTree = "<group>";
		};
		609395202C55473700E98950 /* Products */ = {
			isa = PBXGroup;
			children = (
				6093951F2C55473700E98950 /* RoboticDataCollection.app */,
			);
			name = Products;
			sourceTree = "<group>";
		};
		609395212C55473700E98950 /* RoboticDataCollection */ = {
			isa = PBXGroup;
			children = (
				3D625B682C5F560600180FCB /* Info.plist */,
				609395222C55473700E98950 /* RoboticDataCollectionApp.swift */,
				6093956A2C554A7200E98950 /* Model */,
				6093955D2C554A7200E98950 /* support */,
				6093955B2C554A7200E98950 /* View */,
				609395262C55473A00E98950 /* Assets.xcassets */,
				609395282C55473A00E98950 /* Preview Content */,
			);
			path = RoboticDataCollection;
			sourceTree = "<group>";
		};
		609395282C55473A00E98950 /* Preview Content */ = {
			isa = PBXGroup;
			children = (
				609395292C55473A00E98950 /* Preview Assets.xcassets */,
			);
			path = "Preview Content";
			sourceTree = "<group>";
		};
		609395422C554A7200E98950 /* Camera */ = {
			isa = PBXGroup;
			children = (
				609395402C554A7200E98950 /* CameraPreviewView.swift */,
				609395412C554A7200E98950 /* CameraView.swift */,
			);
			path = Camera;
			sourceTree = "<group>";
		};
		6093955B2C554A7200E98950 /* View */ = {
			isa = PBXGroup;
			children = (
				3D117EEE2C63E854006A7871 /* Unused */,
				609395422C554A7200E98950 /* Camera */,
				6093954E2C554A7200E98950 /* ARView.swift */,
				609395512C554A7200E98950 /* ContentView.swift */,
				609395522C554A7200E98950 /* ControlButtonView.swift */,
				607B2DE92C6C6A1F0010D914 /* test.swift */,
				609395542C554A7200E98950 /* ForceView.swift */,
				609395552C554A7200E98950 /* HistoryView.swift */,
				609395562C554A7200E98950 /* PanelView.swift */,
				3D117EEC2C63E6B8006A7871 /* AngleView.swift */,
				3D625B692C622CEF00180FCB /* extension.swift */,
				609395572C554A7200E98950 /* RaspberryPiView.swift */,
				609395582C554A7200E98950 /* SettingView.swift */,
				609395592C554A7200E98950 /* StopWach.swift */,
			);
			path = View;
			sourceTree = "<group>";
		};
		6093955D2C554A7200E98950 /* support */ = {
			isa = PBXGroup;
			children = (
				6093955C2C554A7200E98950 /* PreviewSampleData.swift */,
			);
			path = support;
			sourceTree = "<group>";
		};
		6093956A2C554A7200E98950 /* Model */ = {
			isa = PBXGroup;
			children = (
				609395632C554A7200E98950 /* ARRecorder.swift */,
				609395642C554A7200E98950 /* CameraManager.swift */,
				609395652C554A7200E98950 /* DataModel.swift */,
				607B2DB12C6C55B00010D914 /* DescriptionModel.swift */,
				609395662C554A7200E98950 /* MotionDataModel.swift */,
				609395672C554A7200E98950 /* RecordAllDataModel.swift */,
				3D117EEA2C63E02D006A7871 /* ScenarioCase.swift */,
				609395682C554A7200E98950 /* SwiftDataModel.swift */,
				609395692C554A7200E98950 /* WebSocketManager.swift */,
			);
			path = Model;
			sourceTree = "<group>";
		};
/* End PBXGroup section */

/* Begin PBXNativeTarget section */
		6093951E2C55473700E98950 /* RoboticDataCollection */ = {
			isa = PBXNativeTarget;
			buildConfigurationList = 6093952D2C55473A00E98950 /* Build configuration list for PBXNativeTarget "RoboticDataCollection" */;
			buildPhases = (
				6093951B2C55473700E98950 /* Sources */,
				6093951C2C55473700E98950 /* Frameworks */,
				6093951D2C55473700E98950 /* Resources */,
			);
			buildRules = (
			);
			dependencies = (
			);
			name = RoboticDataCollection;
			packageProductDependencies = (
				60C3A76F2C651774005AE3D1 /* Starscream */,
			);
			productName = RoboticDataCollection;
			productReference = 6093951F2C55473700E98950 /* RoboticDataCollection.app */;
			productType = "com.apple.product-type.application";
		};
/* End PBXNativeTarget section */

/* Begin PBXProject section */
		609395172C55473700E98950 /* Project object */ = {
			isa = PBXProject;
			attributes = {
				BuildIndependentTargetsInParallel = 1;
				LastSwiftUpdateCheck = 1540;
				LastUpgradeCheck = 1540;
				TargetAttributes = {
					6093951E2C55473700E98950 = {
						CreatedOnToolsVersion = 15.4;
					};
				};
			};
			buildConfigurationList = 6093951A2C55473700E98950 /* Build configuration list for PBXProject "RoboticDataCollection" */;
			compatibilityVersion = "Xcode 14.0";
			developmentRegion = en;
			hasScannedForEncodings = 0;
			knownRegions = (
				en,
				Base,
			);
			mainGroup = 609395162C55473700E98950;
			packageReferences = (
				609395912C554C2500E98950 /* XCRemoteSwiftPackageReference "Starscream" */,
			);
			productRefGroup = 609395202C55473700E98950 /* Products */;
			projectDirPath = "";
			projectRoot = "";
			targets = (
				6093951E2C55473700E98950 /* RoboticDataCollection */,
			);
		};
/* End PBXProject section */

/* Begin PBXResourcesBuildPhase section */
		6093951D2C55473700E98950 /* Resources */ = {
			isa = PBXResourcesBuildPhase;
			buildActionMask = 2147483647;
			files = (
				607B2DEC2C6D15340010D914 /* README.md in Resources */,
				6093952A2C55473A00E98950 /* Preview Assets.xcassets in Resources */,
				609395272C55473A00E98950 /* Assets.xcassets in Resources */,
			);
			runOnlyForDeploymentPostprocessing = 0;
		};
/* End PBXResourcesBuildPhase section */

/* Begin PBXSourcesBuildPhase section */
		6093951B2C55473700E98950 /* Sources */ = {
			isa = PBXSourcesBuildPhase;
			buildActionMask = 2147483647;
			files = (
				6093958C2C554A7200E98950 /* DataModel.swift in Sources */,
				609395802C554A7200E98950 /* PanelView.swift in Sources */,
				6093958A2C554A7200E98950 /* ARRecorder.swift in Sources */,
				609395792C554A7200E98950 /* AttitudeIndicatorView.swift in Sources */,
				609395852C554A7200E98950 /* PreviewSampleData.swift in Sources */,
				6093957C2C554A7200E98950 /* ControlButtonView.swift in Sources */,
				609395822C554A7200E98950 /* SettingView.swift in Sources */,
				6093957F2C554A7200E98950 /* HistoryView.swift in Sources */,
				609395832C554A7200E98950 /* StopWach.swift in Sources */,
				609395232C55473700E98950 /* RoboticDataCollectionApp.swift in Sources */,
				607B2DB22C6C55B00010D914 /* DescriptionModel.swift in Sources */,
				6093958D2C554A7200E98950 /* MotionDataModel.swift in Sources */,
				6093958B2C554A7200E98950 /* CameraManager.swift in Sources */,
				607B2DEA2C6C6A1F0010D914 /* test.swift in Sources */,
				609395782C554A7200E98950 /* ARView.swift in Sources */,
				3D117EEB2C63E02D006A7871 /* ScenarioCase.swift in Sources */,
				6093957D2C554A7200E98950 /* ExportView.swift in Sources */,
				6093956C2C554A7200E98950 /* CameraPreviewView.swift in Sources */,
				3D625B6A2C622CEF00180FCB /* extension.swift in Sources */,
				609395812C554A7200E98950 /* RaspberryPiView.swift in Sources */,
				6093958F2C554A7200E98950 /* SwiftDataModel.swift in Sources */,
				6093957A2C554A7200E98950 /* ChartView.swift in Sources */,
				6093957E2C554A7200E98950 /* ForceView.swift in Sources */,
				6093957B2C554A7200E98950 /* ContentView.swift in Sources */,
				3D117EED2C63E6B8006A7871 /* AngleView.swift in Sources */,
				6093956D2C554A7200E98950 /* CameraView.swift in Sources */,
				609395902C554A7200E98950 /* WebSocketManager.swift in Sources */,
				6093958E2C554A7200E98950 /* RecordAllDataModel.swift in Sources */,
			);
			runOnlyForDeploymentPostprocessing = 0;
		};
/* End PBXSourcesBuildPhase section */

/* Begin XCBuildConfiguration section */
		6093952B2C55473A00E98950 /* Debug */ = {
			isa = XCBuildConfiguration;
			buildSettings = {
				ALWAYS_SEARCH_USER_PATHS = NO;
				ASSETCATALOG_COMPILER_GENERATE_SWIFT_ASSET_SYMBOL_EXTENSIONS = YES;
				CLANG_ANALYZER_NONNULL = YES;
				CLANG_ANALYZER_NUMBER_OBJECT_CONVERSION = YES_AGGRESSIVE;
				CLANG_CXX_LANGUAGE_STANDARD = "gnu++20";
				CLANG_ENABLE_MODULES = YES;
				CLANG_ENABLE_OBJC_ARC = YES;
				CLANG_ENABLE_OBJC_WEAK = YES;
				CLANG_WARN_BLOCK_CAPTURE_AUTORELEASING = YES;
				CLANG_WARN_BOOL_CONVERSION = YES;
				CLANG_WARN_COMMA = YES;
				CLANG_WARN_CONSTANT_CONVERSION = YES;
				CLANG_WARN_DEPRECATED_OBJC_IMPLEMENTATIONS = YES;
				CLANG_WARN_DIRECT_OBJC_ISA_USAGE = YES_ERROR;
				CLANG_WARN_DOCUMENTATION_COMMENTS = YES;
				CLANG_WARN_EMPTY_BODY = YES;
				CLANG_WARN_ENUM_CONVERSION = YES;
				CLANG_WARN_INFINITE_RECURSION = YES;
				CLANG_WARN_INT_CONVERSION = YES;
				CLANG_WARN_NON_LITERAL_NULL_CONVERSION = YES;
				CLANG_WARN_OBJC_IMPLICIT_RETAIN_SELF = YES;
				CLANG_WARN_OBJC_LITERAL_CONVERSION = YES;
				CLANG_WARN_OBJC_ROOT_CLASS = YES_ERROR;
				CLANG_WARN_QUOTED_INCLUDE_IN_FRAMEWORK_HEADER = YES;
				CLANG_WARN_RANGE_LOOP_ANALYSIS = YES;
				CLANG_WARN_STRICT_PROTOTYPES = YES;
				CLANG_WARN_SUSPICIOUS_MOVE = YES;
				CLANG_WARN_UNGUARDED_AVAILABILITY = YES_AGGRESSIVE;
				CLANG_WARN_UNREACHABLE_CODE = YES;
				CLANG_WARN__DUPLICATE_METHOD_MATCH = YES;
				COPY_PHASE_STRIP = NO;
				DEBUG_INFORMATION_FORMAT = dwarf;
				ENABLE_STRICT_OBJC_MSGSEND = YES;
				ENABLE_TESTABILITY = YES;
				ENABLE_USER_SCRIPT_SANDBOXING = YES;
				GCC_C_LANGUAGE_STANDARD = gnu17;
				GCC_DYNAMIC_NO_PIC = NO;
				GCC_NO_COMMON_BLOCKS = YES;
				GCC_OPTIMIZATION_LEVEL = 0;
				GCC_PREPROCESSOR_DEFINITIONS = (
					"DEBUG=1",
					"$(inherited)",
				);
				GCC_WARN_64_TO_32_BIT_CONVERSION = YES;
				GCC_WARN_ABOUT_RETURN_TYPE = YES_ERROR;
				GCC_WARN_UNDECLARED_SELECTOR = YES;
				GCC_WARN_UNINITIALIZED_AUTOS = YES_AGGRESSIVE;
				GCC_WARN_UNUSED_FUNCTION = YES;
				GCC_WARN_UNUSED_VARIABLE = YES;
				IPHONEOS_DEPLOYMENT_TARGET = 17.5;
				LOCALIZATION_PREFERS_STRING_CATALOGS = YES;
				MTL_ENABLE_DEBUG_INFO = INCLUDE_SOURCE;
				MTL_FAST_MATH = YES;
				ONLY_ACTIVE_ARCH = YES;
				SDKROOT = iphoneos;
				SWIFT_ACTIVE_COMPILATION_CONDITIONS = "DEBUG $(inherited)";
				SWIFT_OPTIMIZATION_LEVEL = "-Onone";
			};
			name = Debug;
		};
		6093952C2C55473A00E98950 /* Release */ = {
			isa = XCBuildConfiguration;
			buildSettings = {
				ALWAYS_SEARCH_USER_PATHS = NO;
				ASSETCATALOG_COMPILER_GENERATE_SWIFT_ASSET_SYMBOL_EXTENSIONS = YES;
				CLANG_ANALYZER_NONNULL = YES;
				CLANG_ANALYZER_NUMBER_OBJECT_CONVERSION = YES_AGGRESSIVE;
				CLANG_CXX_LANGUAGE_STANDARD = "gnu++20";
				CLANG_ENABLE_MODULES = YES;
				CLANG_ENABLE_OBJC_ARC = YES;
				CLANG_ENABLE_OBJC_WEAK = YES;
				CLANG_WARN_BLOCK_CAPTURE_AUTORELEASING = YES;
				CLANG_WARN_BOOL_CONVERSION = YES;
				CLANG_WARN_COMMA = YES;
				CLANG_WARN_CONSTANT_CONVERSION = YES;
				CLANG_WARN_DEPRECATED_OBJC_IMPLEMENTATIONS = YES;
				CLANG_WARN_DIRECT_OBJC_ISA_USAGE = YES_ERROR;
				CLANG_WARN_DOCUMENTATION_COMMENTS = YES;
				CLANG_WARN_EMPTY_BODY = YES;
				CLANG_WARN_ENUM_CONVERSION = YES;
				CLANG_WARN_INFINITE_RECURSION = YES;
				CLANG_WARN_INT_CONVERSION = YES;
				CLANG_WARN_NON_LITERAL_NULL_CONVERSION = YES;
				CLANG_WARN_OBJC_IMPLICIT_RETAIN_SELF = YES;
				CLANG_WARN_OBJC_LITERAL_CONVERSION = YES;
				CLANG_WARN_OBJC_ROOT_CLASS = YES_ERROR;
				CLANG_WARN_QUOTED_INCLUDE_IN_FRAMEWORK_HEADER = YES;
				CLANG_WARN_RANGE_LOOP_ANALYSIS = YES;
				CLANG_WARN_STRICT_PROTOTYPES = YES;
				CLANG_WARN_SUSPICIOUS_MOVE = YES;
				CLANG_WARN_UNGUARDED_AVAILABILITY = YES_AGGRESSIVE;
				CLANG_WARN_UNREACHABLE_CODE = YES;
				CLANG_WARN__DUPLICATE_METHOD_MATCH = YES;
				COPY_PHASE_STRIP = NO;
				DEBUG_INFORMATION_FORMAT = "dwarf-with-dsym";
				ENABLE_NS_ASSERTIONS = NO;
				ENABLE_STRICT_OBJC_MSGSEND = YES;
				ENABLE_USER_SCRIPT_SANDBOXING = YES;
				GCC_C_LANGUAGE_STANDARD = gnu17;
				GCC_NO_COMMON_BLOCKS = YES;
				GCC_WARN_64_TO_32_BIT_CONVERSION = YES;
				GCC_WARN_ABOUT_RETURN_TYPE = YES_ERROR;
				GCC_WARN_UNDECLARED_SELECTOR = YES;
				GCC_WARN_UNINITIALIZED_AUTOS = YES_AGGRESSIVE;
				GCC_WARN_UNUSED_FUNCTION = YES;
				GCC_WARN_UNUSED_VARIABLE = YES;
				IPHONEOS_DEPLOYMENT_TARGET = 17.5;
				LOCALIZATION_PREFERS_STRING_CATALOGS = YES;
				MTL_ENABLE_DEBUG_INFO = NO;
				MTL_FAST_MATH = YES;
				SDKROOT = iphoneos;
				SWIFT_COMPILATION_MODE = wholemodule;
				VALIDATE_PRODUCT = YES;
			};
			name = Release;
		};
		6093952E2C55473A00E98950 /* Debug */ = {
			isa = XCBuildConfiguration;
			buildSettings = {
				ASSETCATALOG_COMPILER_APPICON_NAME = AppIcon;
				ASSETCATALOG_COMPILER_GLOBAL_ACCENT_COLOR_NAME = AccentColor;
				CODE_SIGN_STYLE = Automatic;
				CURRENT_PROJECT_VERSION = 1;
				DEVELOPMENT_ASSET_PATHS = "\"RoboticDataCollection/Preview Content\"";
				DEVELOPMENT_TEAM = 7DTG838RB6;
				ENABLE_PREVIEWS = YES;
				GENERATE_INFOPLIST_FILE = YES;
				INFOPLIST_FILE = RoboticDataCollection/Info.plist;
				INFOPLIST_KEY_LSSupportsOpeningDocumentsInPlace = YES;
				INFOPLIST_KEY_NSCameraUsageDescription = "Use camera";
				INFOPLIST_KEY_NSMotionUsageDescription = "Collecting data";
				INFOPLIST_KEY_NSPhotoLibraryUsageDescription = "Save video";
				INFOPLIST_KEY_UIApplicationSceneManifest_Generation = YES;
				INFOPLIST_KEY_UIApplicationSupportsIndirectInputEvents = YES;
				INFOPLIST_KEY_UILaunchScreen_Generation = YES;
				INFOPLIST_KEY_UISupportedInterfaceOrientations = "UIInterfaceOrientationLandscapeLeft UIInterfaceOrientationLandscapeRight UIInterfaceOrientationPortrait";
				INFOPLIST_KEY_UISupportedInterfaceOrientations_iPad = "UIInterfaceOrientationLandscapeLeft UIInterfaceOrientationLandscapeRight UIInterfaceOrientationPortrait UIInterfaceOrientationPortraitUpsideDown";
				IPHONEOS_DEPLOYMENT_TARGET = 17.0;
				LD_RUNPATH_SEARCH_PATHS = (
					"$(inherited)",
					"@executable_path/Frameworks",
				);
				MARKETING_VERSION = 1.0;
				PRODUCT_BUNDLE_IDENTIFIER = com.wty2358.RoboticDataCollection;
				PRODUCT_NAME = "$(TARGET_NAME)";
				SUPPORTED_PLATFORMS = "iphoneos iphonesimulator";
				SUPPORTS_MACCATALYST = NO;
				SUPPORTS_MAC_DESIGNED_FOR_IPHONE_IPAD = NO;
				SUPPORTS_XR_DESIGNED_FOR_IPHONE_IPAD = NO;
				SWIFT_EMIT_LOC_STRINGS = YES;
				SWIFT_VERSION = 5.0;
				TARGETED_DEVICE_FAMILY = "1,2";
			};
			name = Debug;
		};
		6093952F2C55473A00E98950 /* Release */ = {
			isa = XCBuildConfiguration;
			buildSettings = {
				ASSETCATALOG_COMPILER_APPICON_NAME = AppIcon;
				ASSETCATALOG_COMPILER_GLOBAL_ACCENT_COLOR_NAME = AccentColor;
				CODE_SIGN_STYLE = Automatic;
				CURRENT_PROJECT_VERSION = 1;
				DEVELOPMENT_ASSET_PATHS = "\"RoboticDataCollection/Preview Content\"";
				DEVELOPMENT_TEAM = 7DTG838RB6;
				ENABLE_PREVIEWS = YES;
				GENERATE_INFOPLIST_FILE = YES;
				INFOPLIST_FILE = RoboticDataCollection/Info.plist;
				INFOPLIST_KEY_LSSupportsOpeningDocumentsInPlace = YES;
				INFOPLIST_KEY_NSCameraUsageDescription = "Use camera";
				INFOPLIST_KEY_NSMotionUsageDescription = "Collecting data";
				INFOPLIST_KEY_NSPhotoLibraryUsageDescription = "Save video";
				INFOPLIST_KEY_UIApplicationSceneManifest_Generation = YES;
				INFOPLIST_KEY_UIApplicationSupportsIndirectInputEvents = YES;
				INFOPLIST_KEY_UILaunchScreen_Generation = YES;
				INFOPLIST_KEY_UISupportedInterfaceOrientations = "UIInterfaceOrientationLandscapeLeft UIInterfaceOrientationLandscapeRight UIInterfaceOrientationPortrait";
				INFOPLIST_KEY_UISupportedInterfaceOrientations_iPad = "UIInterfaceOrientationLandscapeLeft UIInterfaceOrientationLandscapeRight UIInterfaceOrientationPortrait UIInterfaceOrientationPortraitUpsideDown";
				IPHONEOS_DEPLOYMENT_TARGET = 17.0;
				LD_RUNPATH_SEARCH_PATHS = (
					"$(inherited)",
					"@executable_path/Frameworks",
				);
				MARKETING_VERSION = 1.0;
				PRODUCT_BUNDLE_IDENTIFIER = com.wty2358.RoboticDataCollection;
				PRODUCT_NAME = "$(TARGET_NAME)";
				SUPPORTED_PLATFORMS = "iphoneos iphonesimulator";
				SUPPORTS_MACCATALYST = NO;
				SUPPORTS_MAC_DESIGNED_FOR_IPHONE_IPAD = NO;
				SUPPORTS_XR_DESIGNED_FOR_IPHONE_IPAD = NO;
				SWIFT_EMIT_LOC_STRINGS = YES;
				SWIFT_VERSION = 5.0;
				TARGETED_DEVICE_FAMILY = "1,2";
			};
			name = Release;
		};
/* End XCBuildConfiguration section */

/* Begin XCConfigurationList section */
		6093951A2C55473700E98950 /* Build configuration list for PBXProject "RoboticDataCollection" */ = {
			isa = XCConfigurationList;
			buildConfigurations = (
				6093952B2C55473A00E98950 /* Debug */,
				6093952C2C55473A00E98950 /* Release */,
			);
			defaultConfigurationIsVisible = 0;
			defaultConfigurationName = Release;
		};
		6093952D2C55473A00E98950 /* Build configuration list for PBXNativeTarget "RoboticDataCollection" */ = {
			isa = XCConfigurationList;
			buildConfigurations = (
				6093952E2C55473A00E98950 /* Debug */,
				6093952F2C55473A00E98950 /* Release */,
			);
			defaultConfigurationIsVisible = 0;
			defaultConfigurationName = Release;
		};
/* End XCConfigurationList section */

/* Begin XCRemoteSwiftPackageReference section */
		609395912C554C2500E98950 /* XCRemoteSwiftPackageReference "Starscream" */ = {
			isa = XCRemoteSwiftPackageReference;
			repositoryURL = "https://github.com/daltoniam/Starscream.git";
			requirement = {
				kind = upToNextMajorVersion;
				minimumVersion = 4.0.8;
			};
		};
/* End XCRemoteSwiftPackageReference section */

/* Begin XCSwiftPackageProductDependency section */
		60C3A76F2C651774005AE3D1 /* Starscream */ = {
			isa = XCSwiftPackageProductDependency;
			package = 609395912C554C2500E98950 /* XCRemoteSwiftPackageReference "Starscream" */;
			productName = Starscream;
		};
/* End XCSwiftPackageProductDependency section */
	};
	rootObject = 609395172C55473700E98950 /* Project object */;
}
